
Microsoft Visual Studio Solution File, Format Version 12.00
# Visual Studio Version 16
VisualStudioVersion = 16.0.30611.23
MinimumVisualStudioVersion = 10.0.40219.1
Project("{FAE04EC0-301F-11D3-BF4B-00C04F79EFBC}") = "TestAws", "TestAws\TestAws.csproj", "{09B22E54-17FD-44FB-92BC-FEF661D3B2F1}"
EndProject
Global
	GlobalSection(SolutionConfigurationPlatforms) = preSolution
		Debug|Any CPU = Debug|Any CPU
		Release|Any CPU = Release|Any CPU
	EndGlobalSection
	GlobalSection(ProjectConfigurationPlatforms) = postSolution
		{09B22E54-17FD-44FB-92BC-FEF661D3B2F1}.Debug|Any CPU.ActiveCfg = Debug|Any CPU
		{09B22E54-17FD-44FB-92BC-FEF661D3B2F1}.Debug|Any CPU.Build.0 = Debug|Any CPU
		{09B22E54-17FD-44FB-92BC-FEF661D3B2F1}.Release|Any CPU.ActiveCfg = Release|Any CPU
		{09B22E54-17FD-44FB-92BC-FEF661D3B2F1}.Release|Any CPU.Build.0 = Release|Any CPU
	EndGlobalSection
	GlobalSection(SolutionProperties) = preSolution
		HideSolutionNode = FALSE
	EndGlobalSection
	GlobalSection(ExtensibilityGlobals) = postSolution
		SolutionGuid = {86EBFAD5-925E-40A6-8148-42377710B82A}
	EndGlobalSection
EndGlobal
